
Microsoft Visual Studio Solution File, Format Version 12.00
# Visual Studio 15
VisualStudioVersion = 15.0.27428.2027
MinimumVisualStudioVersion = 10.0.40219.1
Project("{FAE04EC0-301F-11D3-BF4B-00C04F79EFBC}") = "HedgeFundApi2", "HedgeFundApi2\HedgeFundApi2.csproj", "{B2CA3912-15B6-4BC0-A8EB-9C302EB7F861}"
EndProject
Global
	GlobalSection(SolutionConfigurationPlatforms) = preSolution
		Debug|Any CPU = Debug|Any CPU
		Release|Any CPU = Release|Any CPU
	EndGlobalSection
	GlobalSection(ProjectConfigurationPlatforms) = postSolution
		{B2CA3912-15B6-4BC0-A8EB-9C302EB7F861}.Debug|Any CPU.ActiveCfg = Debug|Any CPU
		{B2CA3912-15B6-4BC0-A8EB-9C302EB7F861}.Debug|Any CPU.Build.0 = Debug|Any CPU
		{B2CA3912-15B6-4BC0-A8EB-9C302EB7F861}.Release|Any CPU.ActiveCfg = Release|Any CPU
		{B2CA3912-15B6-4BC0-A8EB-9C302EB7F861}.Release|Any CPU.Build.0 = Release|Any CPU
	EndGlobalSection
	GlobalSection(SolutionProperties) = preSolution
		HideSolutionNode = FALSE
	EndGlobalSection
	GlobalSection(ExtensibilityGlobals) = postSolution
		SolutionGuid = {6A9C8581-6FD4-4341-94BA-15F16BCB8C79}
	EndGlobalSection
EndGlobal
